
Microsoft Visual Studio Solution File, Format Version 12.00
# Visual Studio Version 17
VisualStudioVersion = 17.7.34031.279
MinimumVisualStudioVersion = 10.0.40219.1
Project("{00D1A9C2-B5F0-4AF3-8072-F6C62B433612}") = "ApiClientEmployeeDataBase", "ApiClientEmployeeDataBase\ApiClientEmployeeDataBase.sqlproj", "{2C52F9B9-0762-4D1F-8855-66297783BC15}"
EndProject
Global
	GlobalSection(SolutionConfigurationPlatforms) = preSolution
		Debug|Any CPU = Debug|Any CPU
		Release|Any CPU = Release|Any CPU
	EndGlobalSection
	GlobalSection(ProjectConfigurationPlatforms) = postSolution
		{2C52F9B9-0762-4D1F-8855-66297783BC15}.Debug|Any CPU.ActiveCfg = Debug|Any CPU
		{2C52F9B9-0762-4D1F-8855-66297783BC15}.Debug|Any CPU.Build.0 = Debug|Any CPU
		{2C52F9B9-0762-4D1F-8855-66297783BC15}.Debug|Any CPU.Deploy.0 = Debug|Any CPU
		{2C52F9B9-0762-4D1F-8855-66297783BC15}.Release|Any CPU.ActiveCfg = Release|Any CPU
		{2C52F9B9-0762-4D1F-8855-66297783BC15}.Release|Any CPU.Build.0 = Release|Any CPU
		{2C52F9B9-0762-4D1F-8855-66297783BC15}.Release|Any CPU.Deploy.0 = Release|Any CPU
	EndGlobalSection
	GlobalSection(SolutionProperties) = preSolution
		HideSolutionNode = FALSE
	EndGlobalSection
	GlobalSection(ExtensibilityGlobals) = postSolution
		SolutionGuid = {167C8F9B-63D0-4233-9367-C61DE5BC41C3}
	EndGlobalSection
EndGlobal
